{
  "name": "FYP",
  "lockfileVersion": 2,
  "requires": true,
  "packages": {
    "": {
      "dependencies": {
        "@react-native-community/geolocation": "^3.0.4",
        "react-native-image-picker": "^4.10.3"
      }
    },
    "node_modules/@react-native-community/geolocation": {
      "version": "3.0.4",
      "resolved": "https://registry.npmjs.org/@react-native-community/geolocation/-/geolocation-3.0.4.tgz",
      "integrity": "sha512-zzf+DISPwEpMH25tR33hgVuy89emYYTrZQarbCSwFOU6fH9MNxnmsRPmdpuNI9YvnjMtEj5kzDrGyqBhx86n6A==",
      "peerDependencies": {
        "react": "*",
        "react-native": "*"
      }
    },
    "node_modules/react-native-image-picker": {
      "version": "4.10.3",
      "resolved": "https://registry.npmjs.org/react-native-image-picker/-/react-native-image-picker-4.10.3.tgz",
      "integrity": "sha512-gLX8J6jCBkUt6jogpSdA7YyaGVLGYywRzMEwBciXshihpFZjc/cRlKymAVlu6Q7HMw0j3vrho6pI8ZGC5O/FGg==",
      "peerDependencies": {
        "react": "*",
        "react-native": "*"
      }
    }
  },
  "dependencies": {
    "@react-native-community/geolocation": {
      "version": "3.0.4",
      "resolved": "https://registry.npmjs.org/@react-native-community/geolocation/-/geolocation-3.0.4.tgz",
      "integrity": "sha512-zzf+DISPwEpMH25tR33hgVuy89emYYTrZQarbCSwFOU6fH9MNxnmsRPmdpuNI9YvnjMtEj5kzDrGyqBhx86n6A=="
    },
    "react-native-image-picker": {
      "version": "4.10.3",
      "resolved": "https://registry.npmjs.org/react-native-image-picker/-/react-native-image-picker-4.10.3.tgz",
      "integrity": "sha512-gLX8J6jCBkUt6jogpSdA7YyaGVLGYywRzMEwBciXshihpFZjc/cRlKymAVlu6Q7HMw0j3vrho6pI8ZGC5O/FGg=="
    }
  }
}
